// !$*UTF8*$!
{
	archiveVersion = 1;
	classes = {
	};
	objectVersion = 77;
	objects = {

/* Begin PBXContainerItemProxy section */
		3D1716DC2DA210A0001A6723 /* PBXContainerItemProxy */ = {
			isa = PBXContainerItemProxy;
			containerPortal = 3D1716BD2DA2109E001A6723 /* Project object */;
			proxyType = 1;
			remoteGlobalIDString = 3D1716C42DA2109E001A6723;
			remoteInfo = "Exercise Calorie Calculator";
		};
		3D1716E62DA210A0001A6723 /* PBXContainerItemProxy */ = {
			isa = PBXContainerItemProxy;
			containerPortal = 3D1716BD2DA2109E001A6723 /* Project object */;
			proxyType = 1;
			remoteGlobalIDString = 3D1716C42DA2109E001A6723;
			remoteInfo = "Exercise Calorie Calculator";
		};
/* End PBXContainerItemProxy section */

/* Begin PBXFileReference section */
		3D1716C52DA2109E001A6723 /* Exercise Calorie Calculator.app */ = {isa = PBXFileReference; explicitFileType = wrapper.application; includeInIndex = 0; path = "Exercise Calorie Calculator.app"; sourceTree = BUILT_PRODUCTS_DIR; };
		3D1716DB2DA210A0001A6723 /* Exercise Calorie CalculatorTests.xctest */ = {isa = PBXFileReference; explicitFileType = wrapper.cfbundle; includeInIndex = 0; path = "Exercise Calorie CalculatorTests.xctest"; sourceTree = BUILT_PRODUCTS_DIR; };
		3D1716E52DA210A0001A6723 /* Exercise Calorie CalculatorUITests.xctest */ = {isa = PBXFileReference; explicitFileType = wrapper.cfbundle; includeInIndex = 0; path = "Exercise Calorie CalculatorUITests.xctest"; sourceTree = BUILT_PRODUCTS_DIR; };
/* End PBXFileReference section */

/* Begin PBXFileSystemSynchronizedBuildFileExceptionSet section */
		3D1716ED2DA210A0001A6723 /* Exceptions for "Exercise Calorie Calculator" folder in "Exercise Calorie Calculator" target */ = {
			isa = PBXFileSystemSynchronizedBuildFileExceptionSet;
			membershipExceptions = (
				Info.plist,
			);
			target = 3D1716C42DA2109E001A6723 /* Exercise Calorie Calculator */;
		};
/* End PBXFileSystemSynchronizedBuildFileExceptionSet section */

/* Begin PBXFileSystemSynchronizedRootGroup section */
		3D1716C72DA2109E001A6723 /* Exercise Calorie Calculator */ = {
			isa = PBXFileSystemSynchronizedRootGroup;
			exceptions = (
				3D1716ED2DA210A0001A6723 /* Exceptions for "Exercise Calorie Calculator" folder in "Exercise Calorie Calculator" target */,
			);
			path = "Exercise Calorie Calculator";
			sourceTree = "<group>";
		};
		3D1716DE2DA210A0001A6723 /* Exercise Calorie CalculatorTests */ = {
			isa = PBXFileSystemSynchronizedRootGroup;
			path = "Exercise Calorie CalculatorTests";
			sourceTree = "<group>";
		};
		3D1716E82DA210A0001A6723 /* Exercise Calorie CalculatorUITests */ = {
			isa = PBXFileSystemSynchronizedRootGroup;
			path = "Exercise Calorie CalculatorUITests";
			sourceTree = "<group>";
		};
/* End PBXFileSystemSynchronizedRootGroup section */

/* Begin PBXFrameworksBuildPhase section */
		3D1716C22DA2109E001A6723 /* Frameworks */ = {
			isa = PBXFrameworksBuildPhase;
			buildActionMask = 2147483647;
			files = (
			);
			runOnlyForDeploymentPostprocessing = 0;
		};
		3D1716D82DA210A0001A6723 /* Frameworks */ = {
			isa = PBXFrameworksBuildPhase;
			buildActionMask = 2147483647;
			files = (
			);
			runOnlyForDeploymentPostprocessing = 0;
		};
		3D1716E22DA210A0001A6723 /* Frameworks */ = {
			isa = PBXFrameworksBuildPhase;
			buildActionMask = 2147483647;
			files = (
			);
			runOnlyForDeploymentPostprocessing = 0;
		};
/* End PBXFrameworksBuildPhase section */

/* Begin PBXGroup section */
		3D1716BC2DA2109E001A6723 = {
			isa = PBXGroup;
			children = (
				3D1716C72DA2109E001A6723 /* Exercise Calorie Calculator */,
				3D1716DE2DA210A0001A6723 /* Exercise Calorie CalculatorTests */,
				3D1716E82DA210A0001A6723 /* Exercise Calorie CalculatorUITests */,
				3D1716C62DA2109E001A6723 /* Products */,
			);
			sourceTree = "<group>";
		};
		3D1716C62DA2109E001A6723 /* Products */ = {
			isa = PBXGroup;
			children = (
				3D1716C52DA2109E001A6723 /* Exercise Calorie Calculator.app */,
				3D1716DB2DA210A0001A6723 /* Exercise Calorie CalculatorTests.xctest */,
				3D1716E52DA210A0001A6723 /* Exercise Calorie CalculatorUITests.xctest */,
			);
			name = Products;
			sourceTree = "<group>";
		};
/* End PBXGroup section */

/* Begin PBXNativeTarget section */
		3D1716C42DA2109E001A6723 /* Exercise Calorie Calculator */ = {
			isa = PBXNativeTarget;
			buildConfigurationList = 3D1716EE2DA210A0001A6723 /* Build configuration list for PBXNativeTarget "Exercise Calorie Calculator" */;
			buildPhases = (
				3D1716C12DA2109E001A6723 /* Sources */,
				3D1716C22DA2109E001A6723 /* Frameworks */,
				3D1716C32DA2109E001A6723 /* Resources */,
			);
			buildRules = (
			);
			dependencies = (
			);
			fileSystemSynchronizedGroups = (
				3D1716C72DA2109E001A6723 /* Exercise Calorie Calculator */,
			);
			name = "Exercise Calorie Calculator";
			packageProductDependencies = (
			);
			productName = "Exercise Calorie Calculator";
			productReference = 3D1716C52DA2109E001A6723 /* Exercise Calorie Calculator.app */;
			productType = "com.apple.product-type.application";
		};
		3D1716DA2DA210A0001A6723 /* Exercise Calorie CalculatorTests */ = {
			isa = PBXNativeTarget;
			buildConfigurationList = 3D1716F32DA210A0001A6723 /* Build configuration list for PBXNativeTarget "Exercise Calorie CalculatorTests" */;
			buildPhases = (
				3D1716D72DA210A0001A6723 /* Sources */,
				3D1716D82DA210A0001A6723 /* Frameworks */,
				3D1716D92DA210A0001A6723 /* Resources */,
			);
			buildRules = (
			);
			dependencies = (
				3D1716DD2DA210A0001A6723 /* PBXTargetDependency */,
			);
			fileSystemSynchronizedGroups = (
				3D1716DE2DA210A0001A6723 /* Exercise Calorie CalculatorTests */,
			);
			name = "Exercise Calorie CalculatorTests";
			packageProductDependencies = (
			);
			productName = "Exercise Calorie CalculatorTests";
			productReference = 3D1716DB2DA210A0001A6723 /* Exercise Calorie CalculatorTests.xctest */;
			productType = "com.apple.product-type.bundle.unit-test";
		};
		3D1716E42DA210A0001A6723 /* Exercise Calorie CalculatorUITests */ = {
			isa = PBXNativeTarget;
			buildConfigurationList = 3D1716F62DA210A0001A6723 /* Build configuration list for PBXNativeTarget "Exercise Calorie CalculatorUITests" */;
			buildPhases = (
				3D1716E12DA210A0001A6723 /* Sources */,
				3D1716E22DA210A0001A6723 /* Frameworks */,
				3D1716E32DA210A0001A6723 /* Resources */,
			);
			buildRules = (
			);
			dependencies = (
				3D1716E72DA210A0001A6723 /* PBXTargetDependency */,
			);
			fileSystemSynchronizedGroups = (
				3D1716E82DA210A0001A6723 /* Exercise Calorie CalculatorUITests */,
			);
			name = "Exercise Calorie CalculatorUITests";
			packageProductDependencies = (
			);
			productName = "Exercise Calorie CalculatorUITests";
			productReference = 3D1716E52DA210A0001A6723 /* Exercise Calorie CalculatorUITests.xctest */;
			productType = "com.apple.product-type.bundle.ui-testing";
		};
/* End PBXNativeTarget section */

/* Begin PBXProject section */
		3D1716BD2DA2109E001A6723 /* Project object */ = {
			isa = PBXProject;
			attributes = {
				BuildIndependentTargetsInParallel = 1;
				LastSwiftUpdateCheck = 1620;
				LastUpgradeCheck = 1620;
				TargetAttributes = {
					3D1716C42DA2109E001A6723 = {
						CreatedOnToolsVersion = 16.2;
					};
					3D1716DA2DA210A0001A6723 = {
						CreatedOnToolsVersion = 16.2;
						TestTargetID = 3D1716C42DA2109E001A6723;
					};
					3D1716E42DA210A0001A6723 = {
						CreatedOnToolsVersion = 16.2;
						TestTargetID = 3D1716C42DA2109E001A6723;
					};
				};
			};
			buildConfigurationList = 3D1716C02DA2109E001A6723 /* Build configuration list for PBXProject "Exercise Calorie Calculator" */;
			developmentRegion = en;
			hasScannedForEncodings = 0;
			knownRegions = (
				en,
				Base,
			);
			mainGroup = 3D1716BC2DA2109E001A6723;
			minimizedProjectReferenceProxies = 1;
			preferredProjectObjectVersion = 77;
			productRefGroup = 3D1716C62DA2109E001A6723 /* Products */;
			projectDirPath = "";
			projectRoot = "";
			targets = (
				3D1716C42DA2109E001A6723 /* Exercise Calorie Calculator */,
				3D1716DA2DA210A0001A6723 /* Exercise Calorie CalculatorTests */,
				3D1716E42DA210A0001A6723 /* Exercise Calorie CalculatorUITests */,
			);
		};
/* End PBXProject section */

/* Begin PBXResourcesBuildPhase section */
		3D1716C32DA2109E001A6723 /* Resources */ = {
			isa = PBXResourcesBuildPhase;
			buildActionMask = 2147483647;
			files = (
			);
			runOnlyForDeploymentPostprocessing = 0;
		};
		3D1716D92DA210A0001A6723 /* Resources */ = {
			isa = PBXResourcesBuildPhase;
			buildActionMask = 2147483647;
			files = (
			);
			runOnlyForDeploymentPostprocessing = 0;
		};
		3D1716E32DA210A0001A6723 /* Resources */ = {
			isa = PBXResourcesBuildPhase;
			buildActionMask = 2147483647;
			files = (
			);
			runOnlyForDeploymentPostprocessing = 0;
		};
/* End PBXResourcesBuildPhase section */

/* Begin PBXSourcesBuildPhase section */
		3D1716C12DA2109E001A6723 /* Sources */ = {
			isa = PBXSourcesBuildPhase;
			buildActionMask = 2147483647;
			files = (
			);
			runOnlyForDeploymentPostprocessing = 0;
		};
		3D1716D72DA210A0001A6723 /* Sources */ = {
			isa = PBXSourcesBuildPhase;
			buildActionMask = 2147483647;
			files = (
			);
			runOnlyForDeploymentPostprocessing = 0;
		};
		3D1716E12DA210A0001A6723 /* Sources */ = {
			isa = PBXSourcesBuildPhase;
			buildActionMask = 2147483647;
			files = (
			);
			runOnlyForDeploymentPostprocessing = 0;
		};
/* End PBXSourcesBuildPhase section */

/* Begin PBXTargetDependency section */
		3D1716DD2DA210A0001A6723 /* PBXTargetDependency */ = {
			isa = PBXTargetDependency;
			target = 3D1716C42DA2109E001A6723 /* Exercise Calorie Calculator */;
			targetProxy = 3D1716DC2DA210A0001A6723 /* PBXContainerItemProxy */;
		};
		3D1716E72DA210A0001A6723 /* PBXTargetDependency */ = {
			isa = PBXTargetDependency;
			target = 3D1716C42DA2109E001A6723 /* Exercise Calorie Calculator */;
			targetProxy = 3D1716E62DA210A0001A6723 /* PBXContainerItemProxy */;
		};
/* End PBXTargetDependency section */

/* Begin XCBuildConfiguration section */
		3D1716EF2DA210A0001A6723 /* Debug */ = {
			isa = XCBuildConfiguration;
			buildSettings = {
				ASSETCATALOG_COMPILER_APPICON_NAME = AppIcon;
				ASSETCATALOG_COMPILER_GLOBAL_ACCENT_COLOR_NAME = AccentColor;
				CODE_SIGN_STYLE = Automatic;
				CURRENT_PROJECT_VERSION = 1;
				GENERATE_INFOPLIST_FILE = YES;
				INFOPLIST_FILE = "Exercise Calorie Calculator/Info.plist";
				INFOPLIST_KEY_UIApplicationSupportsIndirectInputEvents = YES;
				INFOPLIST_KEY_UILaunchStoryboardName = LaunchScreen;
				INFOPLIST_KEY_UIMainStoryboardFile = Main;
				INFOPLIST_KEY_UISupportedInterfaceOrientations_iPad = "UIInterfaceOrientationPortrait UIInterfaceOrientationPortraitUpsideDown UIInterfaceOrientationLandscapeLeft UIInterfaceOrientationLandscapeRight";
				INFOPLIST_KEY_UISupportedInterfaceOrientations_iPhone = "UIInterfaceOrientationPortrait UIInterfaceOrientationLandscapeLeft UIInterfaceOrientationLandscapeRight";
				LD_RUNPATH_SEARCH_PATHS = (
					"$(inherited)",
					"@executable_path/Frameworks",
				);
				MARKETING_VERSION = 1.0;
				PRODUCT_BUNDLE_IDENTIFIER = "edu.sunyulster.Exercise-Calorie-Calculator";
				PRODUCT_NAME = "$(TARGET_NAME)";
				SWIFT_EMIT_LOC_STRINGS = YES;
				SWIFT_VERSION = 5.0;
				TARGETED_DEVICE_FAMILY = "1,2";
			};
			name = Debug;
		};
		3D1716F02DA210A0001A6723 /* Release */ = {
			isa = XCBuildConfiguration;
			buildSettings = {
				ASSETCATALOG_COMPILER_APPICON_NAME = AppIcon;
				ASSETCATALOG_COMPILER_GLOBAL_ACCENT_COLOR_NAME = AccentColor;
				CODE_SIGN_STYLE = Automatic;
				CURRENT_PROJECT_VERSION = 1;
				GENERATE_INFOPLIST_FILE = YES;
				INFOPLIST_FILE = "Exercise Calorie Calculator/Info.plist";
				INFOPLIST_KEY_UIApplicationSupportsIndirectInputEvents = YES;
				INFOPLIST_KEY_UILaunchStoryboardName = LaunchScreen;
				INFOPLIST_KEY_UIMainStoryboardFile = Main;
				INFOPLIST_KEY_UISupportedInterfaceOrientations_iPad = "UIInterfaceOrientationPortrait UIInterfaceOrientationPortraitUpsideDown UIInterfaceOrientationLandscapeLeft UIInterfaceOrientationLandscapeRight";
				INFOPLIST_KEY_UISupportedInterfaceOrientations_iPhone = "UIInterfaceOrientationPortrait UIInterfaceOrientationLandscapeLeft UIInterfaceOrientationLandscapeRight";
				LD_RUNPATH_SEARCH_PATHS = (
					"$(inherited)",
					"@executable_path/Frameworks",
				);
				MARKETING_VERSION = 1.0;
				PRODUCT_BUNDLE_IDENTIFIER = "edu.sunyulster.Exercise-Calorie-Calculator";
				PRODUCT_NAME = "$(TARGET_NAME)";
				SWIFT_EMIT_LOC_STRINGS = YES;
				SWIFT_VERSION = 5.0;
				TARGETED_DEVICE_FAMILY = "1,2";
			};
			name = Release;
		};
		3D1716F12DA210A0001A6723 /* Debug */ = {
			isa = XCBuildConfiguration;
			buildSettings = {
				ALWAYS_SEARCH_USER_PATHS = NO;
				ASSETCATALOG_COMPILER_GENERATE_SWIFT_ASSET_SYMBOL_EXTENSIONS = YES;
				CLANG_ANALYZER_NONNULL = YES;
				CLANG_ANALYZER_NUMBER_OBJECT_CONVERSION = YES_AGGRESSIVE;
				CLANG_CXX_LANGUAGE_STANDARD = "gnu++20";
				CLANG_ENABLE_MODULES = YES;
				CLANG_ENABLE_OBJC_ARC = YES;
				CLANG_ENABLE_OBJC_WEAK = YES;
				CLANG_WARN_BLOCK_CAPTURE_AUTORELEASING = YES;
				CLANG_WARN_BOOL_CONVERSION = YES;
				CLANG_WARN_COMMA = YES;
				CLANG_WARN_CONSTANT_CONVERSION = YES;
				CLANG_WARN_DEPRECATED_OBJC_IMPLEMENTATIONS = YES;
				CLANG_WARN_DIRECT_OBJC_ISA_USAGE = YES_ERROR;
				CLANG_WARN_DOCUMENTATION_COMMENTS = YES;
				CLANG_WARN_EMPTY_BODY = YES;
				CLANG_WARN_ENUM_CONVERSION = YES;
				CLANG_WARN_INFINITE_RECURSION = YES;
				CLANG_WARN_INT_CONVERSION = YES;
				CLANG_WARN_NON_LITERAL_NULL_CONVERSION = YES;
				CLANG_WARN_OBJC_IMPLICIT_RETAIN_SELF = YES;
				CLANG_WARN_OBJC_LITERAL_CONVERSION = YES;
				CLANG_WARN_OBJC_ROOT_CLASS = YES_ERROR;
				CLANG_WARN_QUOTED_INCLUDE_IN_FRAMEWORK_HEADER = YES;
				CLANG_WARN_RANGE_LOOP_ANALYSIS = YES;
				CLANG_WARN_STRICT_PROTOTYPES = YES;
				CLANG_WARN_SUSPICIOUS_MOVE = YES;
				CLANG_WARN_UNGUARDED_AVAILABILITY = YES_AGGRESSIVE;
				CLANG_WARN_UNREACHABLE_CODE = YES;
				CLANG_WARN__DUPLICATE_METHOD_MATCH = YES;
				COPY_PHASE_STRIP = NO;
				DEBUG_INFORMATION_FORMAT = dwarf;
				ENABLE_STRICT_OBJC_MSGSEND = YES;
				ENABLE_TESTABILITY = YES;
				ENABLE_USER_SCRIPT_SANDBOXING = YES;
				GCC_C_LANGUAGE_STANDARD = gnu17;
				GCC_DYNAMIC_NO_PIC = NO;
				GCC_NO_COMMON_BLOCKS = YES;
				GCC_OPTIMIZATION_LEVEL = 0;
				GCC_PREPROCESSOR_DEFINITIONS = (
					"DEBUG=1",
					"$(inherited)",
				);
				GCC_WARN_64_TO_32_BIT_CONVERSION = YES;
				GCC_WARN_ABOUT_RETURN_TYPE = YES_ERROR;
				GCC_WARN_UNDECLARED_SELECTOR = YES;
				GCC_WARN_UNINITIALIZED_AUTOS = YES_AGGRESSIVE;
				GCC_WARN_UNUSED_FUNCTION = YES;
				GCC_WARN_UNUSED_VARIABLE = YES;
				IPHONEOS_DEPLOYMENT_TARGET = 18.2;
				LOCALIZATION_PREFERS_STRING_CATALOGS = YES;
				MTL_ENABLE_DEBUG_INFO = INCLUDE_SOURCE;
				MTL_FAST_MATH = YES;
				ONLY_ACTIVE_ARCH = YES;
				SDKROOT = iphoneos;
				SWIFT_ACTIVE_COMPILATION_CONDITIONS = "DEBUG $(inherited)";
				SWIFT_OPTIMIZATION_LEVEL = "-Onone";
			};
			name = Debug;
		};
		3D1716F22DA210A0001A6723 /* Release */ = {
			isa = XCBuildConfiguration;
			buildSettings = {
				ALWAYS_SEARCH_USER_PATHS = NO;
				ASSETCATALOG_COMPILER_GENERATE_SWIFT_ASSET_SYMBOL_EXTENSIONS = YES;
				CLANG_ANALYZER_NONNULL = YES;
				CLANG_ANALYZER_NUMBER_OBJECT_CONVERSION = YES_AGGRESSIVE;
				CLANG_CXX_LANGUAGE_STANDARD = "gnu++20";
				CLANG_ENABLE_MODULES = YES;
				CLANG_ENABLE_OBJC_ARC = YES;
				CLANG_ENABLE_OBJC_WEAK = YES;
				CLANG_WARN_BLOCK_CAPTURE_AUTORELEASING = YES;
				CLANG_WARN_BOOL_CONVERSION = YES;
				CLANG_WARN_COMMA = YES;
				CLANG_WARN_CONSTANT_CONVERSION = YES;
				CLANG_WARN_DEPRECATED_OBJC_IMPLEMENTATIONS = YES;
				CLANG_WARN_DIRECT_OBJC_ISA_USAGE = YES_ERROR;
				CLANG_WARN_DOCUMENTATION_COMMENTS = YES;
				CLANG_WARN_EMPTY_BODY = YES;
				CLANG_WARN_ENUM_CONVERSION = YES;
				CLANG_WARN_INFINITE_RECURSION = YES;
				CLANG_WARN_INT_CONVERSION = YES;
				CLANG_WARN_NON_LITERAL_NULL_CONVERSION = YES;
				CLANG_WARN_OBJC_IMPLICIT_RETAIN_SELF = YES;
				CLANG_WARN_OBJC_LITERAL_CONVERSION = YES;
				CLANG_WARN_OBJC_ROOT_CLASS = YES_ERROR;
				CLANG_WARN_QUOTED_INCLUDE_IN_FRAMEWORK_HEADER = YES;
				CLANG_WARN_RANGE_LOOP_ANALYSIS = YES;
				CLANG_WARN_STRICT_PROTOTYPES = YES;
				CLANG_WARN_SUSPICIOUS_MOVE = YES;
				CLANG_WARN_UNGUARDED_AVAILABILITY = YES_AGGRESSIVE;
				CLANG_WARN_UNREACHABLE_CODE = YES;
				CLANG_WARN__DUPLICATE_METHOD_MATCH = YES;
				COPY_PHASE_STRIP = NO;
				DEBUG_INFORMATION_FORMAT = "dwarf-with-dsym";
				ENABLE_NS_ASSERTIONS = NO;
				ENABLE_STRICT_OBJC_MSGSEND = YES;
				ENABLE_USER_SCRIPT_SANDBOXING = YES;
				GCC_C_LANGUAGE_STANDARD = gnu17;
				GCC_NO_COMMON_BLOCKS = YES;
				GCC_WARN_64_TO_32_BIT_CONVERSION = YES;
				GCC_WARN_ABOUT_RETURN_TYPE = YES_ERROR;
				GCC_WARN_UNDECLARED_SELECTOR = YES;
				GCC_WARN_UNINITIALIZED_AUTOS = YES_AGGRESSIVE;
				GCC_WARN_UNUSED_FUNCTION = YES;
				GCC_WARN_UNUSED_VARIABLE = YES;
				IPHONEOS_DEPLOYMENT_TARGET = 18.2;
				LOCALIZATION_PREFERS_STRING_CATALOGS = YES;
				MTL_ENABLE_DEBUG_INFO = NO;
				MTL_FAST_MATH = YES;
				SDKROOT = iphoneos;
				SWIFT_COMPILATION_MODE = wholemodule;
				VALIDATE_PRODUCT = YES;
			};
			name = Release;
		};
		3D1716F42DA210A0001A6723 /* Debug */ = {
			isa = XCBuildConfiguration;
			buildSettings = {
				BUNDLE_LOADER = "$(TEST_HOST)";
				CODE_SIGN_STYLE = Automatic;
				CURRENT_PROJECT_VERSION = 1;
				GENERATE_INFOPLIST_FILE = YES;
				IPHONEOS_DEPLOYMENT_TARGET = 18.2;
				MARKETING_VERSION = 1.0;
				PRODUCT_BUNDLE_IDENTIFIER = "edu.sunyulster.Exercise-Calorie-CalculatorTests";
				PRODUCT_NAME = "$(TARGET_NAME)";
				SWIFT_EMIT_LOC_STRINGS = NO;
				SWIFT_VERSION = 5.0;
				TARGETED_DEVICE_FAMILY = "1,2";
				TEST_HOST = "$(BUILT_PRODUCTS_DIR)/Exercise Calorie Calculator.app/$(BUNDLE_EXECUTABLE_FOLDER_PATH)/Exercise Calorie Calculator";
			};
			name = Debug;
		};
		3D1716F52DA210A0001A6723 /* Release */ = {
			isa = XCBuildConfiguration;
			buildSettings = {
				BUNDLE_LOADER = "$(TEST_HOST)";
				CODE_SIGN_STYLE = Automatic;
				CURRENT_PROJECT_VERSION = 1;
				GENERATE_INFOPLIST_FILE = YES;
				IPHONEOS_DEPLOYMENT_TARGET = 18.2;
				MARKETING_VERSION = 1.0;
				PRODUCT_BUNDLE_IDENTIFIER = "edu.sunyulster.Exercise-Calorie-CalculatorTests";
				PRODUCT_NAME = "$(TARGET_NAME)";
				SWIFT_EMIT_LOC_STRINGS = NO;
				SWIFT_VERSION = 5.0;
				TARGETED_DEVICE_FAMILY = "1,2";
				TEST_HOST = "$(BUILT_PRODUCTS_DIR)/Exercise Calorie Calculator.app/$(BUNDLE_EXECUTABLE_FOLDER_PATH)/Exercise Calorie Calculator";
			};
			name = Release;
		};
		3D1716F72DA210A0001A6723 /* Debug */ = {
			isa = XCBuildConfiguration;
			buildSettings = {
				CODE_SIGN_STYLE = Automatic;
				CURRENT_PROJECT_VERSION = 1;
				GENERATE_INFOPLIST_FILE = YES;
				MARKETING_VERSION = 1.0;
				PRODUCT_BUNDLE_IDENTIFIER = "edu.sunyulster.Exercise-Calorie-CalculatorUITests";
				PRODUCT_NAME = "$(TARGET_NAME)";
				SWIFT_EMIT_LOC_STRINGS = NO;
				SWIFT_VERSION = 5.0;
				TARGETED_DEVICE_FAMILY = "1,2";
				TEST_TARGET_NAME = "Exercise Calorie Calculator";
			};
			name = Debug;
		};
		3D1716F82DA210A0001A6723 /* Release */ = {
			isa = XCBuildConfiguration;
			buildSettings = {
				CODE_SIGN_STYLE = Automatic;
				CURRENT_PROJECT_VERSION = 1;
				GENERATE_INFOPLIST_FILE = YES;
				MARKETING_VERSION = 1.0;
				PRODUCT_BUNDLE_IDENTIFIER = "edu.sunyulster.Exercise-Calorie-CalculatorUITests";
				PRODUCT_NAME = "$(TARGET_NAME)";
				SWIFT_EMIT_LOC_STRINGS = NO;
				SWIFT_VERSION = 5.0;
				TARGETED_DEVICE_FAMILY = "1,2";
				TEST_TARGET_NAME = "Exercise Calorie Calculator";
			};
			name = Release;
		};
/* End XCBuildConfiguration section */

/* Begin XCConfigurationList section */
		3D1716C02DA2109E001A6723 /* Build configuration list for PBXProject "Exercise Calorie Calculator" */ = {
			isa = XCConfigurationList;
			buildConfigurations = (
				3D1716F12DA210A0001A6723 /* Debug */,
				3D1716F22DA210A0001A6723 /* Release */,
			);
			defaultConfigurationIsVisible = 0;
			defaultConfigurationName = Release;
		};
		3D1716EE2DA210A0001A6723 /* Build configuration list for PBXNativeTarget "Exercise Calorie Calculator" */ = {
			isa = XCConfigurationList;
			buildConfigurations = (
				3D1716EF2DA210A0001A6723 /* Debug */,
				3D1716F02DA210A0001A6723 /* Release */,
			);
			defaultConfigurationIsVisible = 0;
			defaultConfigurationName = Release;
		};
		3D1716F32DA210A0001A6723 /* Build configuration list for PBXNativeTarget "Exercise Calorie CalculatorTests" */ = {
			isa = XCConfigurationList;
			buildConfigurations = (
				3D1716F42DA210A0001A6723 /* Debug */,
				3D1716F52DA210A0001A6723 /* Release */,
			);
			defaultConfigurationIsVisible = 0;
			defaultConfigurationName = Release;
		};
		3D1716F62DA210A0001A6723 /* Build configuration list for PBXNativeTarget "Exercise Calorie CalculatorUITests" */ = {
			isa = XCConfigurationList;
			buildConfigurations = (
				3D1716F72DA210A0001A6723 /* Debug */,
				3D1716F82DA210A0001A6723 /* Release */,
			);
			defaultConfigurationIsVisible = 0;
			defaultConfigurationName = Release;
		};
/* End XCConfigurationList section */
	};
	rootObject = 3D1716BD2DA2109E001A6723 /* Project object */;
}
